
Microsoft Visual Studio Solution File, Format Version 12.00
# Visual Studio Version 16
VisualStudioVersion = 16.0.29430.225
MinimumVisualStudioVersion = 10.0.40219.1
Project("{9A19103F-16F7-4668-BE54-9A1E7A4F7556}") = "Microsoft.Azure.Kinect.BodyTracking", "SDK\Microsoft.Azure.Kinect.BodyTracking.csproj", "{713A3366-1FE1-4D76-A625-442523FDAF15}"
EndProject
Project("{9A19103F-16F7-4668-BE54-9A1E7A4F7556}") = "Microsoft.Azure.Kinect.BodyTracking.Examples.WPFViewer", "Examples\WPF\Microsoft.Azure.Kinect.BodyTracking.Examples.WPFViewer.csproj", "{9E4B11D6-76B1-42B0-800A-B2499B3073B2}"
EndProject
Project("{FAE04EC0-301F-11D3-BF4B-00C04F79EFBC}") = "PeopleAlerter", "Examples\PeopleAlerter\PeopleAlerter.csproj", "{0BC00E15-D38E-42CB-AD02-A6ABBEEF3CD7}"
EndProject
Global
	GlobalSection(SolutionConfigurationPlatforms) = preSolution
		Debug|Any CPU = Debug|Any CPU
		Release|Any CPU = Release|Any CPU
	EndGlobalSection
	GlobalSection(ProjectConfigurationPlatforms) = postSolution
		{713A3366-1FE1-4D76-A625-442523FDAF15}.Debug|Any CPU.ActiveCfg = Debug|Any CPU
		{713A3366-1FE1-4D76-A625-442523FDAF15}.Debug|Any CPU.Build.0 = Debug|Any CPU
		{713A3366-1FE1-4D76-A625-442523FDAF15}.Release|Any CPU.ActiveCfg = Release|Any CPU
		{713A3366-1FE1-4D76-A625-442523FDAF15}.Release|Any CPU.Build.0 = Release|Any CPU
		{9E4B11D6-76B1-42B0-800A-B2499B3073B2}.Debug|Any CPU.ActiveCfg = Debug|Any CPU
		{9E4B11D6-76B1-42B0-800A-B2499B3073B2}.Debug|Any CPU.Build.0 = Debug|Any CPU
		{9E4B11D6-76B1-42B0-800A-B2499B3073B2}.Release|Any CPU.ActiveCfg = Release|Any CPU
		{9E4B11D6-76B1-42B0-800A-B2499B3073B2}.Release|Any CPU.Build.0 = Release|Any CPU
		{0BC00E15-D38E-42CB-AD02-A6ABBEEF3CD7}.Debug|Any CPU.ActiveCfg = Debug|Any CPU
		{0BC00E15-D38E-42CB-AD02-A6ABBEEF3CD7}.Debug|Any CPU.Build.0 = Debug|Any CPU
		{0BC00E15-D38E-42CB-AD02-A6ABBEEF3CD7}.Release|Any CPU.ActiveCfg = Release|Any CPU
		{0BC00E15-D38E-42CB-AD02-A6ABBEEF3CD7}.Release|Any CPU.Build.0 = Release|Any CPU
	EndGlobalSection
	GlobalSection(SolutionProperties) = preSolution
		HideSolutionNode = FALSE
	EndGlobalSection
	GlobalSection(ExtensibilityGlobals) = postSolution
		SolutionGuid = {C380630A-A07C-4A05-9F5A-DD6FBF995FFB}
	EndGlobalSection
EndGlobal
